
Microsoft Visual Studio Solution File, Format Version 12.00
# Visual Studio Version 17
VisualStudioVersion = 17.9.34728.123
MinimumVisualStudioVersion = 10.0.40219.1
Project("{9A19103F-16F7-4668-BE54-9A1E7A4F7556}") = "Onur_PortfolioTemp", "Onur_PortfolioTemp.csproj", "{EF747F45-702E-46FB-A661-15BA45BFA511}"
EndProject
Project("{FAE04EC0-301F-11D3-BF4B-00C04F79EFBC}") = "Data", "..\Data\Data.csproj", "{A538EDB9-638B-472B-A8E4-3BE86EC37D9A}"
EndProject
Project("{FAE04EC0-301F-11D3-BF4B-00C04F79EFBC}") = "Entities", "..\Entities\Entities.csproj", "{89EB1373-6D1E-44CA-994E-25B2A825736E}"
EndProject
Global
	GlobalSection(SolutionConfigurationPlatforms) = preSolution
		Debug|Any CPU = Debug|Any CPU
		Release|Any CPU = Release|Any CPU
	EndGlobalSection
	GlobalSection(ProjectConfigurationPlatforms) = postSolution
		{EF747F45-702E-46FB-A661-15BA45BFA511}.Debug|Any CPU.ActiveCfg = Debug|Any CPU
		{EF747F45-702E-46FB-A661-15BA45BFA511}.Debug|Any CPU.Build.0 = Debug|Any CPU
		{EF747F45-702E-46FB-A661-15BA45BFA511}.Release|Any CPU.ActiveCfg = Release|Any CPU
		{EF747F45-702E-46FB-A661-15BA45BFA511}.Release|Any CPU.Build.0 = Release|Any CPU
		{A538EDB9-638B-472B-A8E4-3BE86EC37D9A}.Debug|Any CPU.ActiveCfg = Debug|Any CPU
		{A538EDB9-638B-472B-A8E4-3BE86EC37D9A}.Debug|Any CPU.Build.0 = Debug|Any CPU
		{A538EDB9-638B-472B-A8E4-3BE86EC37D9A}.Release|Any CPU.ActiveCfg = Release|Any CPU
		{A538EDB9-638B-472B-A8E4-3BE86EC37D9A}.Release|Any CPU.Build.0 = Release|Any CPU
		{89EB1373-6D1E-44CA-994E-25B2A825736E}.Debug|Any CPU.ActiveCfg = Debug|Any CPU
		{89EB1373-6D1E-44CA-994E-25B2A825736E}.Debug|Any CPU.Build.0 = Debug|Any CPU
		{89EB1373-6D1E-44CA-994E-25B2A825736E}.Release|Any CPU.ActiveCfg = Release|Any CPU
		{89EB1373-6D1E-44CA-994E-25B2A825736E}.Release|Any CPU.Build.0 = Release|Any CPU
	EndGlobalSection
	GlobalSection(SolutionProperties) = preSolution
		HideSolutionNode = FALSE
	EndGlobalSection
	GlobalSection(ExtensibilityGlobals) = postSolution
		SolutionGuid = {D9ED64A8-A5DE-4906-90EF-D047EDA0F1E7}
	EndGlobalSection
EndGlobal
